id: iceblock
brand: Iceblock
eu_status: authorised
sources:
- name: ESMA interim MiCA register (CASPS.csv)
  url: https://www.esma.europa.eu/sites/default/files/2024-12/CASPS.csv
  retrieved: '2026-08-31'
entities:
- lei: 9695005CVRZDK63ZST85
  legal_name: ICEBLOCK SAS
  commercial_name: ICEBLOCK
  home_state: FR
  regulator: Autorité des Marchés Financiers (AMF)
  website: https://www.iceblockinvestments.com/
  records:
  - authorised: '2026-06-30'
    withdrawn: null
    status: authorised
    services:
    - a
    - i
    - j
    passported_to:
    - FR
    last_update: '2026-06-30'
countries:
  FR:
    status: licensed
    regime: MiCA
    via: home_state
    entity: ICEBLOCK SAS
company_facts:
- lei: 9695005CVRZDK63ZST85
  registered_office:
    city: PARIS
    country: FR
  entity_status: active
  registration_status: issued
  entity_creation_date: '2021-08-24'
  retrieved: '2026-08-12'
